
Microsoft Visual Studio Solution File, Format Version 12.00
# Visual Studio Version 16
VisualStudioVersion = 16.0.31112.23
MinimumVisualStudioVersion = 10.0.40219.1
Project("{2150E333-8FDC-42A3-9474-1A3956D46DE8}") = "src", "src", "{876A3C75-5166-427C-B5F3-151B7DAE6627}"
EndProject
Project("{FAE04EC0-301F-11D3-BF4B-00C04F79EFBC}") = "YouTube.DemoModule.Web", "YouTube.DemoModule\YouTube.DemoModule.Web\YouTube.DemoModule.Web.csproj", "{2DD71693-65B6-4101-A8D1-3B7E8BF862E2}"
EndProject
Project("{FAE04EC0-301F-11D3-BF4B-00C04F79EFBC}") = "YouTube.DemoModule.Core", "YouTube.DemoModule\YouTube.DemoModule.Core\YouTube.DemoModule.Core.csproj", "{2C401868-0B9A-496F-A5EB-71CB95E3BE68}"
EndProject
Project("{FAE04EC0-301F-11D3-BF4B-00C04F79EFBC}") = "YouTube.DemoModule.Data", "YouTube.DemoModule\YouTube.DemoModule.Data\YouTube.DemoModule.Data.csproj", "{DFFE7C15-A066-455E-9D10-D6BE809A1DA1}"
EndProject
Project("{2150E333-8FDC-42A3-9474-1A3956D46DE8}") = "tests", "tests", "{C299FA1F-24FC-49A9-BC88-4E917ACA5728}"
EndProject
Project("{FAE04EC0-301F-11D3-BF4B-00C04F79EFBC}") = "YouTube.DemoModule.Tests", "YouTube.DemoModule\YouTube.DemoModule.Tests\YouTube.DemoModule.Tests.csproj", "{C9E28980-11C3-4858-888E-FA94312B476C}"
EndProject
Global
	GlobalSection(SolutionConfigurationPlatforms) = preSolution
		Debug|Any CPU = Debug|Any CPU
		Release|Any CPU = Release|Any CPU
	EndGlobalSection
	GlobalSection(ProjectConfigurationPlatforms) = postSolution
		{2DD71693-65B6-4101-A8D1-3B7E8BF862E2}.Debug|Any CPU.ActiveCfg = Debug|Any CPU
		{2DD71693-65B6-4101-A8D1-3B7E8BF862E2}.Debug|Any CPU.Build.0 = Debug|Any CPU
		{2DD71693-65B6-4101-A8D1-3B7E8BF862E2}.Release|Any CPU.ActiveCfg = Release|Any CPU
		{2DD71693-65B6-4101-A8D1-3B7E8BF862E2}.Release|Any CPU.Build.0 = Release|Any CPU
		{2C401868-0B9A-496F-A5EB-71CB95E3BE68}.Debug|Any CPU.ActiveCfg = Debug|Any CPU
		{2C401868-0B9A-496F-A5EB-71CB95E3BE68}.Debug|Any CPU.Build.0 = Debug|Any CPU
		{2C401868-0B9A-496F-A5EB-71CB95E3BE68}.Release|Any CPU.ActiveCfg = Release|Any CPU
		{2C401868-0B9A-496F-A5EB-71CB95E3BE68}.Release|Any CPU.Build.0 = Release|Any CPU
		{DFFE7C15-A066-455E-9D10-D6BE809A1DA1}.Debug|Any CPU.ActiveCfg = Debug|Any CPU
		{DFFE7C15-A066-455E-9D10-D6BE809A1DA1}.Debug|Any CPU.Build.0 = Debug|Any CPU
		{DFFE7C15-A066-455E-9D10-D6BE809A1DA1}.Release|Any CPU.ActiveCfg = Release|Any CPU
		{DFFE7C15-A066-455E-9D10-D6BE809A1DA1}.Release|Any CPU.Build.0 = Release|Any CPU
		{C9E28980-11C3-4858-888E-FA94312B476C}.Debug|Any CPU.ActiveCfg = Debug|Any CPU
		{C9E28980-11C3-4858-888E-FA94312B476C}.Debug|Any CPU.Build.0 = Debug|Any CPU
		{C9E28980-11C3-4858-888E-FA94312B476C}.Release|Any CPU.ActiveCfg = Release|Any CPU
		{C9E28980-11C3-4858-888E-FA94312B476C}.Release|Any CPU.Build.0 = Release|Any CPU
	EndGlobalSection
	GlobalSection(SolutionProperties) = preSolution
		HideSolutionNode = FALSE
	EndGlobalSection
	GlobalSection(NestedProjects) = preSolution
		{2DD71693-65B6-4101-A8D1-3B7E8BF862E2} = {876A3C75-5166-427C-B5F3-151B7DAE6627}
		{2C401868-0B9A-496F-A5EB-71CB95E3BE68} = {876A3C75-5166-427C-B5F3-151B7DAE6627}
		{DFFE7C15-A066-455E-9D10-D6BE809A1DA1} = {876A3C75-5166-427C-B5F3-151B7DAE6627}
		{C9E28980-11C3-4858-888E-FA94312B476C} = {C299FA1F-24FC-49A9-BC88-4E917ACA5728}
	EndGlobalSection
	GlobalSection(ExtensibilityGlobals) = postSolution
		SolutionGuid = {0EF61176-EC91-4C23-9044-BC3CB7511713}
	EndGlobalSection
EndGlobal
